// !$*UTF8*$!
{
	archiveVersion = 1;
	classes = {
	};
	objectVersion = 50;
	objects = {

/* Begin PBXBuildFile section */
		0529F0834059381621505D94 /* Pods_BasicDesignSDK.framework in Frameworks */ = {isa = PBXBuildFile; fileRef = 4BB0EF36E2D4E03D5294B8CA /* Pods_BasicDesignSDK.framework */; };
		57DA555DC5777C1C5F8CB46C /* Pods_Example.framework in Frameworks */ = {isa = PBXBuildFile; fileRef = 585D3F72548968DDE26B5116 /* Pods_Example.framework */; };
		AD177D082676646400F62A27 /* BasicDesignSDK.h in Headers */ = {isa = PBXBuildFile; fileRef = AD177D062676646400F62A27 /* BasicDesignSDK.h */; settings = {ATTRIBUTES = (Public, ); }; };
		AD177D13267664B600F62A27 /* UIColor-Extension.swift in Sources */ = {isa = PBXBuildFile; fileRef = AD177D10267664B600F62A27 /* UIColor-Extension.swift */; };
		AD177D14267664B600F62A27 /* UIView-Extension.swift in Sources */ = {isa = PBXBuildFile; fileRef = AD177D11267664B600F62A27 /* UIView-Extension.swift */; };
		AD177D15267664B600F62A27 /* UIDate-Extension.swift in Sources */ = {isa = PBXBuildFile; fileRef = AD177D12267664B600F62A27 /* UIDate-Extension.swift */; };
		AD177D1E267664CE00F62A27 /* AppDelegate.swift in Sources */ = {isa = PBXBuildFile; fileRef = AD177D1D267664CE00F62A27 /* AppDelegate.swift */; };
		AD177D20267664CE00F62A27 /* SceneDelegate.swift in Sources */ = {isa = PBXBuildFile; fileRef = AD177D1F267664CE00F62A27 /* SceneDelegate.swift */; };
		AD177D22267664CE00F62A27 /* ViewController.swift in Sources */ = {isa = PBXBuildFile; fileRef = AD177D21267664CE00F62A27 /* ViewController.swift */; };
		AD177D25267664CE00F62A27 /* Main.storyboard in Resources */ = {isa = PBXBuildFile; fileRef = AD177D23267664CE00F62A27 /* Main.storyboard */; };
		AD177D27267664D000F62A27 /* Assets.xcassets in Resources */ = {isa = PBXBuildFile; fileRef = AD177D26267664D000F62A27 /* Assets.xcassets */; };
		AD177D2A267664D000F62A27 /* LaunchScreen.storyboard in Resources */ = {isa = PBXBuildFile; fileRef = AD177D28267664D000F62A27 /* LaunchScreen.storyboard */; };
/* End PBXBuildFile section */

/* Begin PBXFileReference section */
		298BFC072C338CFE9F6E2FE6 /* Pods-Example.release.xcconfig */ = {isa = PBXFileReference; includeInIndex = 1; lastKnownFileType = text.xcconfig; name = "Pods-Example.release.xcconfig"; path = "Target Support Files/Pods-Example/Pods-Example.release.xcconfig"; sourceTree = "<group>"; };
		4BB0EF36E2D4E03D5294B8CA /* Pods_BasicDesignSDK.framework */ = {isa = PBXFileReference; explicitFileType = wrapper.framework; includeInIndex = 0; path = Pods_BasicDesignSDK.framework; sourceTree = BUILT_PRODUCTS_DIR; };
		585D3F72548968DDE26B5116 /* Pods_Example.framework */ = {isa = PBXFileReference; explicitFileType = wrapper.framework; includeInIndex = 0; path = Pods_Example.framework; sourceTree = BUILT_PRODUCTS_DIR; };
		742627B031EF6A54B5F66452 /* Pods-Example.debug.xcconfig */ = {isa = PBXFileReference; includeInIndex = 1; lastKnownFileType = text.xcconfig; name = "Pods-Example.debug.xcconfig"; path = "Target Support Files/Pods-Example/Pods-Example.debug.xcconfig"; sourceTree = "<group>"; };
		AD177D032676646300F62A27 /* BasicDesignSDK.framework */ = {isa = PBXFileReference; explicitFileType = wrapper.framework; includeInIndex = 0; path = BasicDesignSDK.framework; sourceTree = BUILT_PRODUCTS_DIR; };
		AD177D062676646400F62A27 /* BasicDesignSDK.h */ = {isa = PBXFileReference; lastKnownFileType = sourcecode.c.h; path = BasicDesignSDK.h; sourceTree = "<group>"; };
		AD177D072676646400F62A27 /* Info.plist */ = {isa = PBXFileReference; lastKnownFileType = text.plist.xml; path = Info.plist; sourceTree = "<group>"; };
		AD177D10267664B600F62A27 /* UIColor-Extension.swift */ = {isa = PBXFileReference; fileEncoding = 4; lastKnownFileType = sourcecode.swift; path = "UIColor-Extension.swift"; sourceTree = "<group>"; };
		AD177D11267664B600F62A27 /* UIView-Extension.swift */ = {isa = PBXFileReference; fileEncoding = 4; lastKnownFileType = sourcecode.swift; path = "UIView-Extension.swift"; sourceTree = "<group>"; };
		AD177D12267664B600F62A27 /* UIDate-Extension.swift */ = {isa = PBXFileReference; fileEncoding = 4; lastKnownFileType = sourcecode.swift; path = "UIDate-Extension.swift"; sourceTree = "<group>"; };
		AD177D1B267664CE00F62A27 /* Example.app */ = {isa = PBXFileReference; explicitFileType = wrapper.application; includeInIndex = 0; path = Example.app; sourceTree = BUILT_PRODUCTS_DIR; };
		AD177D1D267664CE00F62A27 /* AppDelegate.swift */ = {isa = PBXFileReference; lastKnownFileType = sourcecode.swift; path = AppDelegate.swift; sourceTree = "<group>"; };
		AD177D1F267664CE00F62A27 /* SceneDelegate.swift */ = {isa = PBXFileReference; lastKnownFileType = sourcecode.swift; path = SceneDelegate.swift; sourceTree = "<group>"; };
		AD177D21267664CE00F62A27 /* ViewController.swift */ = {isa = PBXFileReference; lastKnownFileType = sourcecode.swift; path = ViewController.swift; sourceTree = "<group>"; };
		AD177D24267664CE00F62A27 /* Base */ = {isa = PBXFileReference; lastKnownFileType = file.storyboard; name = Base; path = Base.lproj/Main.storyboard; sourceTree = "<group>"; };
		AD177D26267664D000F62A27 /* Assets.xcassets */ = {isa = PBXFileReference; lastKnownFileType = folder.assetcatalog; path = Assets.xcassets; sourceTree = "<group>"; };
		AD177D29267664D000F62A27 /* Base */ = {isa = PBXFileReference; lastKnownFileType = file.storyboard; name = Base; path = Base.lproj/LaunchScreen.storyboard; sourceTree = "<group>"; };
		AD177D2B267664D000F62A27 /* Info.plist */ = {isa = PBXFileReference; lastKnownFileType = text.plist.xml; path = Info.plist; sourceTree = "<group>"; };
		EC95DBD4DB5A45503BA741C1 /* Pods-BasicDesignSDK.debug.xcconfig */ = {isa = PBXFileReference; includeInIndex = 1; lastKnownFileType = text.xcconfig; name = "Pods-BasicDesignSDK.debug.xcconfig"; path = "Target Support Files/Pods-BasicDesignSDK/Pods-BasicDesignSDK.debug.xcconfig"; sourceTree = "<group>"; };
		EF4C0FC4D888BDCA452CDCF2 /* Pods-BasicDesignSDK.release.xcconfig */ = {isa = PBXFileReference; includeInIndex = 1; lastKnownFileType = text.xcconfig; name = "Pods-BasicDesignSDK.release.xcconfig"; path = "Target Support Files/Pods-BasicDesignSDK/Pods-BasicDesignSDK.release.xcconfig"; sourceTree = "<group>"; };
/* End PBXFileReference section */

/* Begin PBXFrameworksBuildPhase section */
		AD177D002676646300F62A27 /* Frameworks */ = {
			isa = PBXFrameworksBuildPhase;
			buildActionMask = 2147483647;
			files = (
				0529F0834059381621505D94 /* Pods_BasicDesignSDK.framework in Frameworks */,
			);
			runOnlyForDeploymentPostprocessing = 0;
		};
		AD177D18267664CE00F62A27 /* Frameworks */ = {
			isa = PBXFrameworksBuildPhase;
			buildActionMask = 2147483647;
			files = (
				57DA555DC5777C1C5F8CB46C /* Pods_Example.framework in Frameworks */,
			);
			runOnlyForDeploymentPostprocessing = 0;
		};
/* End PBXFrameworksBuildPhase section */

/* Begin PBXGroup section */
		324A709CAE9B80B82FEF1826 /* Frameworks */ = {
			isa = PBXGroup;
			children = (
				4BB0EF36E2D4E03D5294B8CA /* Pods_BasicDesignSDK.framework */,
				585D3F72548968DDE26B5116 /* Pods_Example.framework */,
			);
			name = Frameworks;
			sourceTree = "<group>";
		};
		56B49F6C5C0F3923A2138743 /* Pods */ = {
			isa = PBXGroup;
			children = (
				EC95DBD4DB5A45503BA741C1 /* Pods-BasicDesignSDK.debug.xcconfig */,
				EF4C0FC4D888BDCA452CDCF2 /* Pods-BasicDesignSDK.release.xcconfig */,
				742627B031EF6A54B5F66452 /* Pods-Example.debug.xcconfig */,
				298BFC072C338CFE9F6E2FE6 /* Pods-Example.release.xcconfig */,
			);
			path = Pods;
			sourceTree = "<group>";
		};
		AD177CF92676646300F62A27 = {
			isa = PBXGroup;
			children = (
				AD177D052676646400F62A27 /* BasicDesignSDK */,
				AD177D1C267664CE00F62A27 /* Example */,
				AD177D042676646300F62A27 /* Products */,
				56B49F6C5C0F3923A2138743 /* Pods */,
				324A709CAE9B80B82FEF1826 /* Frameworks */,
			);
			sourceTree = "<group>";
		};
		AD177D042676646300F62A27 /* Products */ = {
			isa = PBXGroup;
			children = (
				AD177D032676646300F62A27 /* BasicDesignSDK.framework */,
				AD177D1B267664CE00F62A27 /* Example.app */,
			);
			name = Products;
			sourceTree = "<group>";
		};
		AD177D052676646400F62A27 /* BasicDesignSDK */ = {
			isa = PBXGroup;
			children = (
				AD177D0F267664B600F62A27 /* Extension */,
				AD177D062676646400F62A27 /* BasicDesignSDK.h */,
				AD177D072676646400F62A27 /* Info.plist */,
			);
			path = BasicDesignSDK;
			sourceTree = "<group>";
		};
		AD177D0F267664B600F62A27 /* Extension */ = {
			isa = PBXGroup;
			children = (
				AD177D10267664B600F62A27 /* UIColor-Extension.swift */,
				AD177D11267664B600F62A27 /* UIView-Extension.swift */,
				AD177D12267664B600F62A27 /* UIDate-Extension.swift */,
			);
			path = Extension;
			sourceTree = "<group>";
		};
		AD177D1C267664CE00F62A27 /* Example */ = {
			isa = PBXGroup;
			children = (
				AD177D1D267664CE00F62A27 /* AppDelegate.swift */,
				AD177D1F267664CE00F62A27 /* SceneDelegate.swift */,
				AD177D21267664CE00F62A27 /* ViewController.swift */,
				AD177D23267664CE00F62A27 /* Main.storyboard */,
				AD177D26267664D000F62A27 /* Assets.xcassets */,
				AD177D28267664D000F62A27 /* LaunchScreen.storyboard */,
				AD177D2B267664D000F62A27 /* Info.plist */,
			);
			path = Example;
			sourceTree = "<group>";
		};
/* End PBXGroup section */

/* Begin PBXHeadersBuildPhase section */
		AD177CFE2676646300F62A27 /* Headers */ = {
			isa = PBXHeadersBuildPhase;
			buildActionMask = 2147483647;
			files = (
				AD177D082676646400F62A27 /* BasicDesignSDK.h in Headers */,
			);
			runOnlyForDeploymentPostprocessing = 0;
		};
/* End PBXHeadersBuildPhase section */

/* Begin PBXNativeTarget section */
		AD177D022676646300F62A27 /* BasicDesignSDK */ = {
			isa = PBXNativeTarget;
			buildConfigurationList = AD177D0B2676646400F62A27 /* Build configuration list for PBXNativeTarget "BasicDesignSDK" */;
			buildPhases = (
				717CFFC63724BA144DB7CAEC /* [CP] Check Pods Manifest.lock */,
				AD177CFE2676646300F62A27 /* Headers */,
				AD177CFF2676646300F62A27 /* Sources */,
				AD177D002676646300F62A27 /* Frameworks */,
				AD177D012676646300F62A27 /* Resources */,
			);
			buildRules = (
			);
			dependencies = (
			);
			name = BasicDesignSDK;
			productName = BasicDesignSDK;
			productReference = AD177D032676646300F62A27 /* BasicDesignSDK.framework */;
			productType = "com.apple.product-type.framework";
		};
		AD177D1A267664CE00F62A27 /* Example */ = {
			isa = PBXNativeTarget;
			buildConfigurationList = AD177D2C267664D000F62A27 /* Build configuration list for PBXNativeTarget "Example" */;
			buildPhases = (
				B1612568D8A2DA49D79EFC0C /* [CP] Check Pods Manifest.lock */,
				AD177D17267664CE00F62A27 /* Sources */,
				AD177D18267664CE00F62A27 /* Frameworks */,
				AD177D19267664CE00F62A27 /* Resources */,
			);
			buildRules = (
			);
			dependencies = (
			);
			name = Example;
			productName = Example;
			productReference = AD177D1B267664CE00F62A27 /* Example.app */;
			productType = "com.apple.product-type.application";
		};
/* End PBXNativeTarget section */

/* Begin PBXProject section */
		AD177CFA2676646300F62A27 /* Project object */ = {
			isa = PBXProject;
			attributes = {
				LastSwiftUpdateCheck = 1220;
				LastUpgradeCheck = 1220;
				TargetAttributes = {
					AD177D022676646300F62A27 = {
						CreatedOnToolsVersion = 12.2;
					};
					AD177D1A267664CE00F62A27 = {
						CreatedOnToolsVersion = 12.2;
					};
				};
			};
			buildConfigurationList = AD177CFD2676646300F62A27 /* Build configuration list for PBXProject "BasicDesignSDK" */;
			compatibilityVersion = "Xcode 9.3";
			developmentRegion = en;
			hasScannedForEncodings = 0;
			knownRegions = (
				en,
				Base,
			);
			mainGroup = AD177CF92676646300F62A27;
			productRefGroup = AD177D042676646300F62A27 /* Products */;
			projectDirPath = "";
			projectRoot = "";
			targets = (
				AD177D022676646300F62A27 /* BasicDesignSDK */,
				AD177D1A267664CE00F62A27 /* Example */,
			);
		};
/* End PBXProject section */

/* Begin PBXResourcesBuildPhase section */
		AD177D012676646300F62A27 /* Resources */ = {
			isa = PBXResourcesBuildPhase;
			buildActionMask = 2147483647;
			files = (
			);
			runOnlyForDeploymentPostprocessing = 0;
		};
		AD177D19267664CE00F62A27 /* Resources */ = {
			isa = PBXResourcesBuildPhase;
			buildActionMask = 2147483647;
			files = (
				AD177D2A267664D000F62A27 /* LaunchScreen.storyboard in Resources */,
				AD177D27267664D000F62A27 /* Assets.xcassets in Resources */,
				AD177D25267664CE00F62A27 /* Main.storyboard in Resources */,
			);
			runOnlyForDeploymentPostprocessing = 0;
		};
/* End PBXResourcesBuildPhase section */

/* Begin PBXShellScriptBuildPhase section */
		717CFFC63724BA144DB7CAEC /* [CP] Check Pods Manifest.lock */ = {
			isa = PBXShellScriptBuildPhase;
			buildActionMask = 2147483647;
			files = (
			);
			inputFileListPaths = (
			);
			inputPaths = (
				"${PODS_PODFILE_DIR_PATH}/Podfile.lock",
				"${PODS_ROOT}/Manifest.lock",
			);
			name = "[CP] Check Pods Manifest.lock";
			outputFileListPaths = (
			);
			outputPaths = (
				"$(DERIVED_FILE_DIR)/Pods-BasicDesignSDK-checkManifestLockResult.txt",
			);
			runOnlyForDeploymentPostprocessing = 0;
			shellPath = /bin/sh;
			shellScript = "diff \"${PODS_PODFILE_DIR_PATH}/Podfile.lock\" \"${PODS_ROOT}/Manifest.lock\" > /dev/null\nif [ $? != 0 ] ; then\n    # print error to STDERR\n    echo \"error: The sandbox is not in sync with the Podfile.lock. Run 'pod install' or update your CocoaPods installation.\" >&2\n    exit 1\nfi\n# This output is used by Xcode 'outputs' to avoid re-running this script phase.\necho \"SUCCESS\" > \"${SCRIPT_OUTPUT_FILE_0}\"\n";
			showEnvVarsInLog = 0;
		};
		B1612568D8A2DA49D79EFC0C /* [CP] Check Pods Manifest.lock */ = {
			isa = PBXShellScriptBuildPhase;
			buildActionMask = 2147483647;
			files = (
			);
			inputFileListPaths = (
			);
			inputPaths = (
				"${PODS_PODFILE_DIR_PATH}/Podfile.lock",
				"${PODS_ROOT}/Manifest.lock",
			);
			name = "[CP] Check Pods Manifest.lock";
			outputFileListPaths = (
			);
			outputPaths = (
				"$(DERIVED_FILE_DIR)/Pods-Example-checkManifestLockResult.txt",
			);
			runOnlyForDeploymentPostprocessing = 0;
			shellPath = /bin/sh;
			shellScript = "diff \"${PODS_PODFILE_DIR_PATH}/Podfile.lock\" \"${PODS_ROOT}/Manifest.lock\" > /dev/null\nif [ $? != 0 ] ; then\n    # print error to STDERR\n    echo \"error: The sandbox is not in sync with the Podfile.lock. Run 'pod install' or update your CocoaPods installation.\" >&2\n    exit 1\nfi\n# This output is used by Xcode 'outputs' to avoid re-running this script phase.\necho \"SUCCESS\" > \"${SCRIPT_OUTPUT_FILE_0}\"\n";
			showEnvVarsInLog = 0;
		};
/* End PBXShellScriptBuildPhase section */

/* Begin PBXSourcesBuildPhase section */
		AD177CFF2676646300F62A27 /* Sources */ = {
			isa = PBXSourcesBuildPhase;
			buildActionMask = 2147483647;
			files = (
				AD177D14267664B600F62A27 /* UIView-Extension.swift in Sources */,
				AD177D15267664B600F62A27 /* UIDate-Extension.swift in Sources */,
				AD177D13267664B600F62A27 /* UIColor-Extension.swift in Sources */,
			);
			runOnlyForDeploymentPostprocessing = 0;
		};
		AD177D17267664CE00F62A27 /* Sources */ = {
			isa = PBXSourcesBuildPhase;
			buildActionMask = 2147483647;
			files = (
				AD177D22267664CE00F62A27 /* ViewController.swift in Sources */,
				AD177D1E267664CE00F62A27 /* AppDelegate.swift in Sources */,
				AD177D20267664CE00F62A27 /* SceneDelegate.swift in Sources */,
			);
			runOnlyForDeploymentPostprocessing = 0;
		};
/* End PBXSourcesBuildPhase section */

/* Begin PBXVariantGroup section */
		AD177D23267664CE00F62A27 /* Main.storyboard */ = {
			isa = PBXVariantGroup;
			children = (
				AD177D24267664CE00F62A27 /* Base */,
			);
			name = Main.storyboard;
			sourceTree = "<group>";
		};
		AD177D28267664D000F62A27 /* LaunchScreen.storyboard */ = {
			isa = PBXVariantGroup;
			children = (
				AD177D29267664D000F62A27 /* Base */,
			);
			name = LaunchScreen.storyboard;
			sourceTree = "<group>";
		};
/* End PBXVariantGroup section */

/* Begin XCBuildConfiguration section */
		AD177D092676646400F62A27 /* Debug */ = {
			isa = XCBuildConfiguration;
			buildSettings = {
				ALWAYS_SEARCH_USER_PATHS = NO;
				CLANG_ANALYZER_NONNULL = YES;
				CLANG_ANALYZER_NUMBER_OBJECT_CONVERSION = YES_AGGRESSIVE;
				CLANG_CXX_LANGUAGE_STANDARD = "gnu++14";
				CLANG_CXX_LIBRARY = "libc++";
				CLANG_ENABLE_MODULES = YES;
				CLANG_ENABLE_OBJC_ARC = YES;
				CLANG_ENABLE_OBJC_WEAK = YES;
				CLANG_WARN_BLOCK_CAPTURE_AUTORELEASING = YES;
				CLANG_WARN_BOOL_CONVERSION = YES;
				CLANG_WARN_COMMA = YES;
				CLANG_WARN_CONSTANT_CONVERSION = YES;
				CLANG_WARN_DEPRECATED_OBJC_IMPLEMENTATIONS = YES;
				CLANG_WARN_DIRECT_OBJC_ISA_USAGE = YES_ERROR;
				CLANG_WARN_DOCUMENTATION_COMMENTS = YES;
				CLANG_WARN_EMPTY_BODY = YES;
				CLANG_WARN_ENUM_CONVERSION = YES;
				CLANG_WARN_INFINITE_RECURSION = YES;
				CLANG_WARN_INT_CONVERSION = YES;
				CLANG_WARN_NON_LITERAL_NULL_CONVERSION = YES;
				CLANG_WARN_OBJC_IMPLICIT_RETAIN_SELF = YES;
				CLANG_WARN_OBJC_LITERAL_CONVERSION = YES;
				CLANG_WARN_OBJC_ROOT_CLASS = YES_ERROR;
				CLANG_WARN_QUOTED_INCLUDE_IN_FRAMEWORK_HEADER = YES;
				CLANG_WARN_RANGE_LOOP_ANALYSIS = YES;
				CLANG_WARN_STRICT_PROTOTYPES = YES;
				CLANG_WARN_SUSPICIOUS_MOVE = YES;
				CLANG_WARN_UNGUARDED_AVAILABILITY = YES_AGGRESSIVE;
				CLANG_WARN_UNREACHABLE_CODE = YES;
				CLANG_WARN__DUPLICATE_METHOD_MATCH = YES;
				COPY_PHASE_STRIP = NO;
				CURRENT_PROJECT_VERSION = 1;
				DEBUG_INFORMATION_FORMAT = dwarf;
				ENABLE_STRICT_OBJC_MSGSEND = YES;
				ENABLE_TESTABILITY = YES;
				GCC_C_LANGUAGE_STANDARD = gnu11;
				GCC_DYNAMIC_NO_PIC = NO;
				GCC_NO_COMMON_BLOCKS = YES;
				GCC_OPTIMIZATION_LEVEL = 0;
				GCC_PREPROCESSOR_DEFINITIONS = (
					"DEBUG=1",
					"$(inherited)",
				);
				GCC_WARN_64_TO_32_BIT_CONVERSION = YES;
				GCC_WARN_ABOUT_RETURN_TYPE = YES_ERROR;
				GCC_WARN_UNDECLARED_SELECTOR = YES;
				GCC_WARN_UNINITIALIZED_AUTOS = YES_AGGRESSIVE;
				GCC_WARN_UNUSED_FUNCTION = YES;
				GCC_WARN_UNUSED_VARIABLE = YES;
				IPHONEOS_DEPLOYMENT_TARGET = 12.0;
				MTL_ENABLE_DEBUG_INFO = INCLUDE_SOURCE;
				MTL_FAST_MATH = YES;
				ONLY_ACTIVE_ARCH = YES;
				SDKROOT = iphoneos;
				SWIFT_ACTIVE_COMPILATION_CONDITIONS = DEBUG;
				SWIFT_OPTIMIZATION_LEVEL = "-Onone";
				VERSIONING_SYSTEM = "apple-generic";
				VERSION_INFO_PREFIX = "";
			};
			name = Debug;
		};
		AD177D0A2676646400F62A27 /* Release */ = {
			isa = XCBuildConfiguration;
			buildSettings = {
				ALWAYS_SEARCH_USER_PATHS = NO;
				CLANG_ANALYZER_NONNULL = YES;
				CLANG_ANALYZER_NUMBER_OBJECT_CONVERSION = YES_AGGRESSIVE;
				CLANG_CXX_LANGUAGE_STANDARD = "gnu++14";
				CLANG_CXX_LIBRARY = "libc++";
				CLANG_ENABLE_MODULES = YES;
				CLANG_ENABLE_OBJC_ARC = YES;
				CLANG_ENABLE_OBJC_WEAK = YES;
				CLANG_WARN_BLOCK_CAPTURE_AUTORELEASING = YES;
				CLANG_WARN_BOOL_CONVERSION = YES;
				CLANG_WARN_COMMA = YES;
				CLANG_WARN_CONSTANT_CONVERSION = YES;
				CLANG_WARN_DEPRECATED_OBJC_IMPLEMENTATIONS = YES;
				CLANG_WARN_DIRECT_OBJC_ISA_USAGE = YES_ERROR;
				CLANG_WARN_DOCUMENTATION_COMMENTS = YES;
				CLANG_WARN_EMPTY_BODY = YES;
				CLANG_WARN_ENUM_CONVERSION = YES;
				CLANG_WARN_INFINITE_RECURSION = YES;
				CLANG_WARN_INT_CONVERSION = YES;
				CLANG_WARN_NON_LITERAL_NULL_CONVERSION = YES;
				CLANG_WARN_OBJC_IMPLICIT_RETAIN_SELF = YES;
				CLANG_WARN_OBJC_LITERAL_CONVERSION = YES;
				CLANG_WARN_OBJC_ROOT_CLASS = YES_ERROR;
				CLANG_WARN_QUOTED_INCLUDE_IN_FRAMEWORK_HEADER = YES;
				CLANG_WARN_RANGE_LOOP_ANALYSIS = YES;
				CLANG_WARN_STRICT_PROTOTYPES = YES;
				CLANG_WARN_SUSPICIOUS_MOVE = YES;
				CLANG_WARN_UNGUARDED_AVAILABILITY = YES_AGGRESSIVE;
				CLANG_WARN_UNREACHABLE_CODE = YES;
				CLANG_WARN__DUPLICATE_METHOD_MATCH = YES;
				COPY_PHASE_STRIP = NO;
				CURRENT_PROJECT_VERSION = 1;
				DEBUG_INFORMATION_FORMAT = "dwarf-with-dsym";
				ENABLE_NS_ASSERTIONS = NO;
				ENABLE_STRICT_OBJC_MSGSEND = YES;
				GCC_C_LANGUAGE_STANDARD = gnu11;
				GCC_NO_COMMON_BLOCKS = YES;
				GCC_WARN_64_TO_32_BIT_CONVERSION = YES;
				GCC_WARN_ABOUT_RETURN_TYPE = YES_ERROR;
				GCC_WARN_UNDECLARED_SELECTOR = YES;
				GCC_WARN_UNINITIALIZED_AUTOS = YES_AGGRESSIVE;
				GCC_WARN_UNUSED_FUNCTION = YES;
				GCC_WARN_UNUSED_VARIABLE = YES;
				IPHONEOS_DEPLOYMENT_TARGET = 12.0;
				MTL_ENABLE_DEBUG_INFO = NO;
				MTL_FAST_MATH = YES;
				SDKROOT = iphoneos;
				SWIFT_COMPILATION_MODE = wholemodule;
				SWIFT_OPTIMIZATION_LEVEL = "-O";
				VALIDATE_PRODUCT = YES;
				VERSIONING_SYSTEM = "apple-generic";
				VERSION_INFO_PREFIX = "";
			};
			name = Release;
		};
		AD177D0C2676646400F62A27 /* Debug */ = {
			isa = XCBuildConfiguration;
			baseConfigurationReference = EC95DBD4DB5A45503BA741C1 /* Pods-BasicDesignSDK.debug.xcconfig */;
			buildSettings = {
				CODE_SIGN_STYLE = Automatic;
				DEFINES_MODULE = YES;
				DEVELOPMENT_TEAM = CKVBY4MLTU;
				DYLIB_COMPATIBILITY_VERSION = 1;
				DYLIB_CURRENT_VERSION = 1;
				DYLIB_INSTALL_NAME_BASE = "@rpath";
				INFOPLIST_FILE = BasicDesignSDK/Info.plist;
				INSTALL_PATH = "$(LOCAL_LIBRARY_DIR)/Frameworks";
				IPHONEOS_DEPLOYMENT_TARGET = 12.0;
				LD_RUNPATH_SEARCH_PATHS = (
					"$(inherited)",
					"@executable_path/Frameworks",
					"@loader_path/Frameworks",
				);
				PRODUCT_BUNDLE_IDENTIFIER = com.balaji.BasicDesignSDK;
				PRODUCT_NAME = "$(TARGET_NAME:c99extidentifier)";
				SKIP_INSTALL = YES;
				SUPPORTS_MACCATALYST = NO;
				SWIFT_VERSION = 5.0;
				TARGETED_DEVICE_FAMILY = "1,2";
			};
			name = Debug;
		};
		AD177D0D2676646400F62A27 /* Release */ = {
			isa = XCBuildConfiguration;
			baseConfigurationReference = EF4C0FC4D888BDCA452CDCF2 /* Pods-BasicDesignSDK.release.xcconfig */;
			buildSettings = {
				CODE_SIGN_STYLE = Automatic;
				DEFINES_MODULE = YES;
				DEVELOPMENT_TEAM = CKVBY4MLTU;
				DYLIB_COMPATIBILITY_VERSION = 1;
				DYLIB_CURRENT_VERSION = 1;
				DYLIB_INSTALL_NAME_BASE = "@rpath";
				INFOPLIST_FILE = BasicDesignSDK/Info.plist;
				INSTALL_PATH = "$(LOCAL_LIBRARY_DIR)/Frameworks";
				IPHONEOS_DEPLOYMENT_TARGET = 12.0;
				LD_RUNPATH_SEARCH_PATHS = (
					"$(inherited)",
					"@executable_path/Frameworks",
					"@loader_path/Frameworks",
				);
				PRODUCT_BUNDLE_IDENTIFIER = com.balaji.BasicDesignSDK;
				PRODUCT_NAME = "$(TARGET_NAME:c99extidentifier)";
				SKIP_INSTALL = YES;
				SUPPORTS_MACCATALYST = NO;
				SWIFT_VERSION = 5.0;
				TARGETED_DEVICE_FAMILY = "1,2";
			};
			name = Release;
		};
		AD177D2D267664D000F62A27 /* Debug */ = {
			isa = XCBuildConfiguration;
			baseConfigurationReference = 742627B031EF6A54B5F66452 /* Pods-Example.debug.xcconfig */;
			buildSettings = {
				ASSETCATALOG_COMPILER_APPICON_NAME = AppIcon;
				ASSETCATALOG_COMPILER_GLOBAL_ACCENT_COLOR_NAME = AccentColor;
				CODE_SIGN_STYLE = Automatic;
				DEVELOPMENT_TEAM = CKVBY4MLTU;
				INFOPLIST_FILE = Example/Info.plist;
				LD_RUNPATH_SEARCH_PATHS = (
					"$(inherited)",
					"@executable_path/Frameworks",
				);
				PRODUCT_BUNDLE_IDENTIFIER = com.balaji.Example;
				PRODUCT_NAME = "$(TARGET_NAME)";
				SWIFT_VERSION = 5.0;
				TARGETED_DEVICE_FAMILY = "1,2";
			};
			name = Debug;
		};
		AD177D2E267664D000F62A27 /* Release */ = {
			isa = XCBuildConfiguration;
			baseConfigurationReference = 298BFC072C338CFE9F6E2FE6 /* Pods-Example.release.xcconfig */;
			buildSettings = {
				ASSETCATALOG_COMPILER_APPICON_NAME = AppIcon;
				ASSETCATALOG_COMPILER_GLOBAL_ACCENT_COLOR_NAME = AccentColor;
				CODE_SIGN_STYLE = Automatic;
				DEVELOPMENT_TEAM = CKVBY4MLTU;
				INFOPLIST_FILE = Example/Info.plist;
				LD_RUNPATH_SEARCH_PATHS = (
					"$(inherited)",
					"@executable_path/Frameworks",
				);
				PRODUCT_BUNDLE_IDENTIFIER = com.balaji.Example;
				PRODUCT_NAME = "$(TARGET_NAME)";
				SWIFT_VERSION = 5.0;
				TARGETED_DEVICE_FAMILY = "1,2";
			};
			name = Release;
		};
/* End XCBuildConfiguration section */

/* Begin XCConfigurationList section */
		AD177CFD2676646300F62A27 /* Build configuration list for PBXProject "BasicDesignSDK" */ = {
			isa = XCConfigurationList;
			buildConfigurations = (
				AD177D092676646400F62A27 /* Debug */,
				AD177D0A2676646400F62A27 /* Release */,
			);
			defaultConfigurationIsVisible = 0;
			defaultConfigurationName = Release;
		};
		AD177D0B2676646400F62A27 /* Build configuration list for PBXNativeTarget "BasicDesignSDK" */ = {
			isa = XCConfigurationList;
			buildConfigurations = (
				AD177D0C2676646400F62A27 /* Debug */,
				AD177D0D2676646400F62A27 /* Release */,
			);
			defaultConfigurationIsVisible = 0;
			defaultConfigurationName = Release;
		};
		AD177D2C267664D000F62A27 /* Build configuration list for PBXNativeTarget "Example" */ = {
			isa = XCConfigurationList;
			buildConfigurations = (
				AD177D2D267664D000F62A27 /* Debug */,
				AD177D2E267664D000F62A27 /* Release */,
			);
			defaultConfigurationIsVisible = 0;
			defaultConfigurationName = Release;
		};
/* End XCConfigurationList section */
	};
	rootObject = AD177CFA2676646300F62A27 /* Project object */;
}
